
Microsoft Visual Studio Solution File, Format Version 12.00
# Visual Studio Version 17
VisualStudioVersion = 17.2.32210.308
MinimumVisualStudioVersion = 10.0.40219.1
Project("{FAE04EC0-301F-11D3-BF4B-00C04F79EFBC}") = "Assembply", "Assembply.csproj", "{E362442F-474B-4318-8E5D-81B3B8D75299}"
EndProject
Global
	GlobalSection(SolutionConfigurationPlatforms) = preSolution
		Debug|Any CPU = Debug|Any CPU
		Release|Any CPU = Release|Any CPU
	EndGlobalSection
	GlobalSection(ProjectConfigurationPlatforms) = postSolution
		{E362442F-474B-4318-8E5D-81B3B8D75299}.Debug|Any CPU.ActiveCfg = Debug|Any CPU
		{E362442F-474B-4318-8E5D-81B3B8D75299}.Debug|Any CPU.Build.0 = Debug|Any CPU
		{E362442F-474B-4318-8E5D-81B3B8D75299}.Release|Any CPU.ActiveCfg = Release|Any CPU
		{E362442F-474B-4318-8E5D-81B3B8D75299}.Release|Any CPU.Build.0 = Release|Any CPU
	EndGlobalSection
	GlobalSection(SolutionProperties) = preSolution
		HideSolutionNode = FALSE
	EndGlobalSection
	GlobalSection(ExtensibilityGlobals) = postSolution
		SolutionGuid = {D1F50DA4-5BEB-4743-A20D-E0DF3DDBB49F}
	EndGlobalSection
EndGlobal
