
Microsoft Visual Studio Solution File, Format Version 12.00
# Visual Studio Version 17
VisualStudioVersion = 17.2.32210.308
MinimumVisualStudioVersion = 10.0.40219.1
Project("{FAE04EC0-301F-11D3-BF4B-00C04F79EFBC}") = "Events", "Events.csproj", "{33E8B883-31B3-476E-95B9-7DCD08A04016}"
EndProject
Global
	GlobalSection(SolutionConfigurationPlatforms) = preSolution
		Debug|Any CPU = Debug|Any CPU
		Release|Any CPU = Release|Any CPU
	EndGlobalSection
	GlobalSection(ProjectConfigurationPlatforms) = postSolution
		{33E8B883-31B3-476E-95B9-7DCD08A04016}.Debug|Any CPU.ActiveCfg = Debug|Any CPU
		{33E8B883-31B3-476E-95B9-7DCD08A04016}.Debug|Any CPU.Build.0 = Debug|Any CPU
		{33E8B883-31B3-476E-95B9-7DCD08A04016}.Release|Any CPU.ActiveCfg = Release|Any CPU
		{33E8B883-31B3-476E-95B9-7DCD08A04016}.Release|Any CPU.Build.0 = Release|Any CPU
	EndGlobalSection
	GlobalSection(SolutionProperties) = preSolution
		HideSolutionNode = FALSE
	EndGlobalSection
	GlobalSection(ExtensibilityGlobals) = postSolution
		SolutionGuid = {91398DFD-EDBD-4934-BDF3-F3736288F3C2}
	EndGlobalSection
EndGlobal
